
Microsoft Visual Studio Solution File, Format Version 12.00
# Visual Studio Version 17
VisualStudioVersion = 17.9.34728.123
MinimumVisualStudioVersion = 10.0.40219.1
Project("{FAE04EC0-301F-11D3-BF4B-00C04F79EFBC}") = "BackupApp", "BackupApp.csproj", "{5C5EF907-6FC9-4A2E-9B02-05789462752C}"
EndProject
Global
	GlobalSection(SolutionConfigurationPlatforms) = preSolution
		Debug|Any CPU = Debug|Any CPU
		Release|Any CPU = Release|Any CPU
	EndGlobalSection
	GlobalSection(ProjectConfigurationPlatforms) = postSolution
		{5C5EF907-6FC9-4A2E-9B02-05789462752C}.Debug|Any CPU.ActiveCfg = Debug|Any CPU
		{5C5EF907-6FC9-4A2E-9B02-05789462752C}.Debug|Any CPU.Build.0 = Debug|Any CPU
		{5C5EF907-6FC9-4A2E-9B02-05789462752C}.Release|Any CPU.ActiveCfg = Release|Any CPU
		{5C5EF907-6FC9-4A2E-9B02-05789462752C}.Release|Any CPU.Build.0 = Release|Any CPU
	EndGlobalSection
	GlobalSection(SolutionProperties) = preSolution
		HideSolutionNode = FALSE
	EndGlobalSection
	GlobalSection(ExtensibilityGlobals) = postSolution
		SolutionGuid = {64A5EB7F-D4DA-4E16-81C1-1FEF91AE714C}
	EndGlobalSection
EndGlobal
